
Microsoft Visual Studio Solution File, Format Version 12.00
# Visual Studio Version 17
VisualStudioVersion = 17.2.32616.157
MinimumVisualStudioVersion = 10.0.40219.1
Project("{FAE04EC0-301F-11D3-BF4B-00C04F79EFBC}") = "ConsoleApp1", "ConsoleApp1.csproj", "{B9CD5FD9-41FD-4F64-BD7F-83FE8F8168B9}"
EndProject
Global
	GlobalSection(SolutionConfigurationPlatforms) = preSolution
		Debug|Any CPU = Debug|Any CPU
		Release|Any CPU = Release|Any CPU
	EndGlobalSection
	GlobalSection(ProjectConfigurationPlatforms) = postSolution
		{B9CD5FD9-41FD-4F64-BD7F-83FE8F8168B9}.Debug|Any CPU.ActiveCfg = Debug|Any CPU
		{B9CD5FD9-41FD-4F64-BD7F-83FE8F8168B9}.Debug|Any CPU.Build.0 = Debug|Any CPU
		{B9CD5FD9-41FD-4F64-BD7F-83FE8F8168B9}.Release|Any CPU.ActiveCfg = Release|Any CPU
		{B9CD5FD9-41FD-4F64-BD7F-83FE8F8168B9}.Release|Any CPU.Build.0 = Release|Any CPU
	EndGlobalSection
	GlobalSection(SolutionProperties) = preSolution
		HideSolutionNode = FALSE
	EndGlobalSection
	GlobalSection(ExtensibilityGlobals) = postSolution
		SolutionGuid = {CDD1CB4D-7EE0-4AE6-A6BB-F6368B787CFB}
	EndGlobalSection
EndGlobal
