
Microsoft Visual Studio Solution File, Format Version 12.00
# Visual Studio Version 17
VisualStudioVersion = 17.2.32616.157
MinimumVisualStudioVersion = 10.0.40219.1
Project("{FAE04EC0-301F-11D3-BF4B-00C04F79EFBC}") = "Ex-01", "Ex-01.csproj", "{A6C1F909-D187-4F82-A15F-55F254ABED59}"
EndProject
Global
	GlobalSection(SolutionConfigurationPlatforms) = preSolution
		Debug|Any CPU = Debug|Any CPU
		Release|Any CPU = Release|Any CPU
	EndGlobalSection
	GlobalSection(ProjectConfigurationPlatforms) = postSolution
		{A6C1F909-D187-4F82-A15F-55F254ABED59}.Debug|Any CPU.ActiveCfg = Debug|Any CPU
		{A6C1F909-D187-4F82-A15F-55F254ABED59}.Debug|Any CPU.Build.0 = Debug|Any CPU
		{A6C1F909-D187-4F82-A15F-55F254ABED59}.Release|Any CPU.ActiveCfg = Release|Any CPU
		{A6C1F909-D187-4F82-A15F-55F254ABED59}.Release|Any CPU.Build.0 = Release|Any CPU
	EndGlobalSection
	GlobalSection(SolutionProperties) = preSolution
		HideSolutionNode = FALSE
	EndGlobalSection
	GlobalSection(ExtensibilityGlobals) = postSolution
		SolutionGuid = {78967795-0774-4140-AD64-524A4D1A23A0}
	EndGlobalSection
EndGlobal
