
Microsoft Visual Studio Solution File, Format Version 12.00
# Visual Studio Version 17
VisualStudioVersion = 17.2.32616.157
MinimumVisualStudioVersion = 10.0.40219.1
Project("{FAE04EC0-301F-11D3-BF4B-00C04F79EFBC}") = "WpfApp1", "WpfApp1.csproj", "{BCBA0120-CCD4-4B85-AC14-5D33F0E5150D}"
EndProject
Global
	GlobalSection(SolutionConfigurationPlatforms) = preSolution
		Debug|Any CPU = Debug|Any CPU
		Release|Any CPU = Release|Any CPU
	EndGlobalSection
	GlobalSection(ProjectConfigurationPlatforms) = postSolution
		{BCBA0120-CCD4-4B85-AC14-5D33F0E5150D}.Debug|Any CPU.ActiveCfg = Debug|Any CPU
		{BCBA0120-CCD4-4B85-AC14-5D33F0E5150D}.Debug|Any CPU.Build.0 = Debug|Any CPU
		{BCBA0120-CCD4-4B85-AC14-5D33F0E5150D}.Release|Any CPU.ActiveCfg = Release|Any CPU
		{BCBA0120-CCD4-4B85-AC14-5D33F0E5150D}.Release|Any CPU.Build.0 = Release|Any CPU
	EndGlobalSection
	GlobalSection(SolutionProperties) = preSolution
		HideSolutionNode = FALSE
	EndGlobalSection
	GlobalSection(ExtensibilityGlobals) = postSolution
		SolutionGuid = {52A434FC-E7AD-49AF-AF15-507BDA34E1B0}
	EndGlobalSection
EndGlobal
